
Microsoft Visual Studio Solution File, Format Version 12.00
# Visual Studio Version 17
VisualStudioVersion = 17.4.33213.308
MinimumVisualStudioVersion = 10.0.40219.1
Project("{9A19103F-16F7-4668-BE54-9A1E7A4F7556}") = "控制台相关", "控制台相关\控制台相关.csproj", "{35E0963C-A79B-497A-9F3F-C0286487E59F}"
EndProject
Project("{9A19103F-16F7-4668-BE54-9A1E7A4F7556}") = "随机数", "随机数\随机数.csproj", "{C524D8C2-37DF-4301-9FEB-BD1C63ABB48B}"
EndProject
Project("{FAE04EC0-301F-11D3-BF4B-00C04F79EFBC}") = "入门实践", "入门实践\入门实践.csproj", "{79EC3C84-913F-4623-828B-7BDF1BA7B010}"
EndProject
Project("{FAE04EC0-301F-11D3-BF4B-00C04F79EFBC}") = "测试程序", "测试程序\测试程序.csproj", "{9F03E2AD-0306-4905-9E45-4A93A4F20A9D}"
EndProject
Global
	GlobalSection(SolutionConfigurationPlatforms) = preSolution
		Debug|Any CPU = Debug|Any CPU
		Release|Any CPU = Release|Any CPU
	EndGlobalSection
	GlobalSection(ProjectConfigurationPlatforms) = postSolution
		{35E0963C-A79B-497A-9F3F-C0286487E59F}.Debug|Any CPU.ActiveCfg = Debug|Any CPU
		{35E0963C-A79B-497A-9F3F-C0286487E59F}.Debug|Any CPU.Build.0 = Debug|Any CPU
		{35E0963C-A79B-497A-9F3F-C0286487E59F}.Release|Any CPU.ActiveCfg = Release|Any CPU
		{35E0963C-A79B-497A-9F3F-C0286487E59F}.Release|Any CPU.Build.0 = Release|Any CPU
		{C524D8C2-37DF-4301-9FEB-BD1C63ABB48B}.Debug|Any CPU.ActiveCfg = Debug|Any CPU
		{C524D8C2-37DF-4301-9FEB-BD1C63ABB48B}.Debug|Any CPU.Build.0 = Debug|Any CPU
		{C524D8C2-37DF-4301-9FEB-BD1C63ABB48B}.Release|Any CPU.ActiveCfg = Release|Any CPU
		{C524D8C2-37DF-4301-9FEB-BD1C63ABB48B}.Release|Any CPU.Build.0 = Release|Any CPU
		{79EC3C84-913F-4623-828B-7BDF1BA7B010}.Debug|Any CPU.ActiveCfg = Debug|Any CPU
		{79EC3C84-913F-4623-828B-7BDF1BA7B010}.Debug|Any CPU.Build.0 = Debug|Any CPU
		{79EC3C84-913F-4623-828B-7BDF1BA7B010}.Release|Any CPU.ActiveCfg = Release|Any CPU
		{79EC3C84-913F-4623-828B-7BDF1BA7B010}.Release|Any CPU.Build.0 = Release|Any CPU
		{9F03E2AD-0306-4905-9E45-4A93A4F20A9D}.Debug|Any CPU.ActiveCfg = Debug|Any CPU
		{9F03E2AD-0306-4905-9E45-4A93A4F20A9D}.Debug|Any CPU.Build.0 = Debug|Any CPU
		{9F03E2AD-0306-4905-9E45-4A93A4F20A9D}.Release|Any CPU.ActiveCfg = Release|Any CPU
		{9F03E2AD-0306-4905-9E45-4A93A4F20A9D}.Release|Any CPU.Build.0 = Release|Any CPU
	EndGlobalSection
	GlobalSection(SolutionProperties) = preSolution
		HideSolutionNode = FALSE
	EndGlobalSection
	GlobalSection(ExtensibilityGlobals) = postSolution
		SolutionGuid = {F8FD2AA4-8014-4F02-B9C2-604007466E35}
	EndGlobalSection
EndGlobal
